// !$*UTF8*$!
{
	archiveVersion = 1;
	classes = {
	};
	objectVersion = 55;
	objects = {

/* Begin PBXBuildFile section */
		9C1AC2AA2843FFD900F55A8E /* AppDelegate.swift in Sources */ = {isa = PBXBuildFile; fileRef = 9C1AC2A92843FFD900F55A8E /* AppDelegate.swift */; };
		9C1AC2AC2843FFD900F55A8E /* SceneDelegate.swift in Sources */ = {isa = PBXBuildFile; fileRef = 9C1AC2AB2843FFD900F55A8E /* SceneDelegate.swift */; };
		9C1AC2AE2843FFD900F55A8E /* AddHabitViewController.swift in Sources */ = {isa = PBXBuildFile; fileRef = 9C1AC2AD2843FFD900F55A8E /* AddHabitViewController.swift */; };
		9C1AC2B42843FFD900F55A8E /* HabitApp.xcdatamodeld in Sources */ = {isa = PBXBuildFile; fileRef = 9C1AC2B22843FFD900F55A8E /* HabitApp.xcdatamodeld */; };
		9C1AC2B62843FFDA00F55A8E /* Assets.xcassets in Resources */ = {isa = PBXBuildFile; fileRef = 9C1AC2B52843FFDA00F55A8E /* Assets.xcassets */; };
		9C1AC2B92843FFDA00F55A8E /* LaunchScreen.storyboard in Resources */ = {isa = PBXBuildFile; fileRef = 9C1AC2B72843FFDA00F55A8E /* LaunchScreen.storyboard */; };
		9C1AC2C328440A2A00F55A8E /* ?ViewController.swift in Sources */ = {isa = PBXBuildFile; fileRef = 9C1AC2C228440A2A00F55A8E /* ?ViewController.swift */; };
		9C1AC2C528440D0F00F55A8E /* HabitListModel.swift in Sources */ = {isa = PBXBuildFile; fileRef = 9C1AC2C428440D0F00F55A8E /* HabitListModel.swift */; };
		9C1AC2C72844B08600F55A8E /* AllHabitsCell.swift in Sources */ = {isa = PBXBuildFile; fileRef = 9C1AC2C62844B08600F55A8E /* AllHabitsCell.swift */; };
		9C1AC2CC2844BBDC00F55A8E /* UILabel + Extension.swift in Sources */ = {isa = PBXBuildFile; fileRef = 9C1AC2CB2844BBDC00F55A8E /* UILabel + Extension.swift */; };
		9C1AC2CE2844BC0700F55A8E /* UIFont + Extension.swift in Sources */ = {isa = PBXBuildFile; fileRef = 9C1AC2CD2844BC0700F55A8E /* UIFont + Extension.swift */; };
		9C1AC2DB2845052600F55A8E /* UserHabitsViewController.swift in Sources */ = {isa = PBXBuildFile; fileRef = 9C1AC2DA2845052600F55A8E /* UserHabitsViewController.swift */; };
		9C1AC2DD284505EB00F55A8E /* TabBarController.swift in Sources */ = {isa = PBXBuildFile; fileRef = 9C1AC2DC284505EB00F55A8E /* TabBarController.swift */; };
		9C1AC2DF2845061D00F55A8E /* UserTasksViewController.swift in Sources */ = {isa = PBXBuildFile; fileRef = 9C1AC2DE2845061D00F55A8E /* UserTasksViewController.swift */; };
		9C1AC2E228450C4E00F55A8E /* UserHabitsCell.swift in Sources */ = {isa = PBXBuildFile; fileRef = 9C1AC2E128450C4E00F55A8E /* UserHabitsCell.swift */; };
		9C1AC2E628454E7B00F55A8E /* UIImageView + Extension.swift in Sources */ = {isa = PBXBuildFile; fileRef = 9C1AC2E528454E7B00F55A8E /* UIImageView + Extension.swift */; };
		9C1AC2E82846161100F55A8E /* UIColor + Extension.swift in Sources */ = {isa = PBXBuildFile; fileRef = 9C1AC2E72846161100F55A8E /* UIColor + Extension.swift */; };
		9C2D04042847F50400316328 /* HaditsList.swift in Sources */ = {isa = PBXBuildFile; fileRef = 9C2D04032847F50400316328 /* HaditsList.swift */; };
		9C2D04072848D51D00316328 /* StackView + Extension.swift in Sources */ = {isa = PBXBuildFile; fileRef = 9C2D04062848D51D00316328 /* StackView + Extension.swift */; };
		9C2D04092848D56100316328 /* ButtonFormView.swift in Sources */ = {isa = PBXBuildFile; fileRef = 9C2D04082848D56100316328 /* ButtonFormView.swift */; };
		9C2D040B2848FFB400316328 /* SettingHabitViewController.swift in Sources */ = {isa = PBXBuildFile; fileRef = 9C2D040A2848FFB400316328 /* SettingHabitViewController.swift */; };
		9C2D040E2849060800316328 /* SettingsAppViewController.swift in Sources */ = {isa = PBXBuildFile; fileRef = 9C2D040D2849060800316328 /* SettingsAppViewController.swift */; };
		9C69F3D0284A25BD0010D00E /* SettingsAppCell.swift in Sources */ = {isa = PBXBuildFile; fileRef = 9C69F3CF284A25BD0010D00E /* SettingsAppCell.swift */; };
		9C69F3D4284A69C80010D00E /* SwitchTableViewCell.swift in Sources */ = {isa = PBXBuildFile; fileRef = 9C69F3D3284A69C80010D00E /* SwitchTableViewCell.swift */; };
		9C69F3D7284A797C0010D00E /* UserTasksListCell.swift in Sources */ = {isa = PBXBuildFile; fileRef = 9C69F3D6284A797C0010D00E /* UserTasksListCell.swift */; };
		9C69F3D9284A81630010D00E /* Checkbox .swift in Sources */ = {isa = PBXBuildFile; fileRef = 9C69F3D8284A81630010D00E /* Checkbox .swift */; };
/* End PBXBuildFile section */

/* Begin PBXFileReference section */
		9C1AC2A62843FFD900F55A8E /* HabitApp.app */ = {isa = PBXFileReference; explicitFileType = wrapper.application; includeInIndex = 0; path = HabitApp.app; sourceTree = BUILT_PRODUCTS_DIR; };
		9C1AC2A92843FFD900F55A8E /* AppDelegate.swift */ = {isa = PBXFileReference; lastKnownFileType = sourcecode.swift; path = AppDelegate.swift; sourceTree = "<group>"; };
		9C1AC2AB2843FFD900F55A8E /* SceneDelegate.swift */ = {isa = PBXFileReference; lastKnownFileType = sourcecode.swift; path = SceneDelegate.swift; sourceTree = "<group>"; };
		9C1AC2AD2843FFD900F55A8E /* AddHabitViewController.swift */ = {isa = PBXFileReference; lastKnownFileType = sourcecode.swift; path = AddHabitViewController.swift; sourceTree = "<group>"; };
		9C1AC2B32843FFD900F55A8E /* HabitApp.xcdatamodel */ = {isa = PBXFileReference; lastKnownFileType = wrapper.xcdatamodel; path = HabitApp.xcdatamodel; sourceTree = "<group>"; };
		9C1AC2B52843FFDA00F55A8E /* Assets.xcassets */ = {isa = PBXFileReference; lastKnownFileType = folder.assetcatalog; path = Assets.xcassets; sourceTree = "<group>"; };
		9C1AC2B82843FFDA00F55A8E /* Base */ = {isa = PBXFileReference; lastKnownFileType = file.storyboard; name = Base; path = Base.lproj/LaunchScreen.storyboard; sourceTree = "<group>"; };
		9C1AC2BA2843FFDA00F55A8E /* Info.plist */ = {isa = PBXFileReference; lastKnownFileType = text.plist.xml; path = Info.plist; sourceTree = "<group>"; };
		9C1AC2C228440A2A00F55A8E /* ?ViewController.swift */ = {isa = PBXFileReference; lastKnownFileType = sourcecode.swift; path = "?ViewController.swift"; sourceTree = "<group>"; };
		9C1AC2C428440D0F00F55A8E /* HabitListModel.swift */ = {isa = PBXFileReference; lastKnownFileType = sourcecode.swift; path = HabitListModel.swift; sourceTree = "<group>"; };
		9C1AC2C62844B08600F55A8E /* AllHabitsCell.swift */ = {isa = PBXFileReference; lastKnownFileType = sourcecode.swift; path = AllHabitsCell.swift; sourceTree = "<group>"; };
		9C1AC2CB2844BBDC00F55A8E /* UILabel + Extension.swift */ = {isa = PBXFileReference; lastKnownFileType = sourcecode.swift; path = "UILabel + Extension.swift"; sourceTree = "<group>"; };
		9C1AC2CD2844BC0700F55A8E /* UIFont + Extension.swift */ = {isa = PBXFileReference; lastKnownFileType = sourcecode.swift; path = "UIFont + Extension.swift"; sourceTree = "<group>"; };
		9C1AC2DA2845052600F55A8E /* UserHabitsViewController.swift */ = {isa = PBXFileReference; lastKnownFileType = sourcecode.swift; path = UserHabitsViewController.swift; sourceTree = "<group>"; };
		9C1AC2DC284505EB00F55A8E /* TabBarController.swift */ = {isa = PBXFileReference; lastKnownFileType = sourcecode.swift; path = TabBarController.swift; sourceTree = "<group>"; };
		9C1AC2DE2845061D00F55A8E /* UserTasksViewController.swift */ = {isa = PBXFileReference; lastKnownFileType = sourcecode.swift; path = UserTasksViewController.swift; sourceTree = "<group>"; };
		9C1AC2E128450C4E00F55A8E /* UserHabitsCell.swift */ = {isa = PBXFileReference; lastKnownFileType = sourcecode.swift; path = UserHabitsCell.swift; sourceTree = "<group>"; };
		9C1AC2E528454E7B00F55A8E /* UIImageView + Extension.swift */ = {isa = PBXFileReference; lastKnownFileType = sourcecode.swift; path = "UIImageView + Extension.swift"; sourceTree = "<group>"; };
		9C1AC2E72846161100F55A8E /* UIColor + Extension.swift */ = {isa = PBXFileReference; lastKnownFileType = sourcecode.swift; path = "UIColor + Extension.swift"; sourceTree = "<group>"; };
		9C2D03FE2847B25F00316328 /* UIButton + Extension.swift */ = {isa = PBXFileReference; lastKnownFileType = sourcecode.swift; path = "UIButton + Extension.swift"; sourceTree = "<group>"; };
		9C2D04032847F50400316328 /* HaditsList.swift */ = {isa = PBXFileReference; lastKnownFileType = sourcecode.swift; path = HaditsList.swift; sourceTree = "<group>"; };
		9C2D04062848D51D00316328 /* StackView + Extension.swift */ = {isa = PBXFileReference; lastKnownFileType = sourcecode.swift; path = "StackView + Extension.swift"; sourceTree = "<group>"; };
		9C2D04082848D56100316328 /* ButtonFormView.swift */ = {isa = PBXFileReference; lastKnownFileType = sourcecode.swift; path = ButtonFormView.swift; sourceTree = "<group>"; };
		9C2D040A2848FFB400316328 /* SettingHabitViewController.swift */ = {isa = PBXFileReference; lastKnownFileType = sourcecode.swift; path = SettingHabitViewController.swift; sourceTree = "<group>"; };
		9C2D040D2849060800316328 /* SettingsAppViewController.swift */ = {isa = PBXFileReference; lastKnownFileType = sourcecode.swift; path = SettingsAppViewController.swift; sourceTree = "<group>"; };
		9C69F3CF284A25BD0010D00E /* SettingsAppCell.swift */ = {isa = PBXFileReference; lastKnownFileType = sourcecode.swift; path = SettingsAppCell.swift; sourceTree = "<group>"; };
		9C69F3D3284A69C80010D00E /* SwitchTableViewCell.swift */ = {isa = PBXFileReference; lastKnownFileType = sourcecode.swift; path = SwitchTableViewCell.swift; sourceTree = "<group>"; };
		9C69F3D6284A797C0010D00E /* UserTasksListCell.swift */ = {isa = PBXFileReference; lastKnownFileType = sourcecode.swift; path = UserTasksListCell.swift; sourceTree = "<group>"; };
		9C69F3D8284A81630010D00E /* Checkbox .swift */ = {isa = PBXFileReference; lastKnownFileType = sourcecode.swift; path = "Checkbox .swift"; sourceTree = "<group>"; };
/* End PBXFileReference section */

/* Begin PBXFrameworksBuildPhase section */
		9C1AC2A32843FFD900F55A8E /* Frameworks */ = {
			isa = PBXFrameworksBuildPhase;
			buildActionMask = 2147483647;
			files = (
			);
			runOnlyForDeploymentPostprocessing = 0;
		};
/* End PBXFrameworksBuildPhase section */

/* Begin PBXGroup section */
		9C1AC29D2843FFD900F55A8E = {
			isa = PBXGroup;
			children = (
				9C1AC2A82843FFD900F55A8E /* HabitApp */,
				9C1AC2A72843FFD900F55A8E /* Products */,
			);
			sourceTree = "<group>";
		};
		9C1AC2A72843FFD900F55A8E /* Products */ = {
			isa = PBXGroup;
			children = (
				9C1AC2A62843FFD900F55A8E /* HabitApp.app */,
			);
			name = Products;
			sourceTree = "<group>";
		};
		9C1AC2A82843FFD900F55A8E /* HabitApp */ = {
			isa = PBXGroup;
			children = (
				9C1AC2A92843FFD900F55A8E /* AppDelegate.swift */,
				9C1AC2AB2843FFD900F55A8E /* SceneDelegate.swift */,
				9C1AC2C82844BB5700F55A8E /* View Controllers */,
				9C1AC2C92844BB6300F55A8E /* Models */,
				9C2D03FD2847B25E00316328 /* Extensions */,
				9C1AC2B72843FFDA00F55A8E /* LaunchScreen.storyboard */,
				9C2D04052847F53B00316328 /* Services */,
				9C1AC2B52843FFDA00F55A8E /* Assets.xcassets */,
				9C1AC2BA2843FFDA00F55A8E /* Info.plist */,
				9C1AC2B22843FFD900F55A8E /* HabitApp.xcdatamodeld */,
			);
			path = HabitApp;
			sourceTree = "<group>";
		};
		9C1AC2C82844BB5700F55A8E /* View Controllers */ = {
			isa = PBXGroup;
			children = (
				9C1AC2DC284505EB00F55A8E /* TabBarController.swift */,
				9C1AC2C228440A2A00F55A8E /* ?ViewController.swift */,
				9C2D040C2849056B00316328 /* HabitsScreenVC */,
				9C2D040F2849068900316328 /* TasksScreenVC */,
			);
			path = "View Controllers";
			sourceTree = "<group>";
		};
		9C1AC2C92844BB6300F55A8E /* Models */ = {
			isa = PBXGroup;
			children = (
				9C1AC2C428440D0F00F55A8E /* HabitListModel.swift */,
				9C2D04032847F50400316328 /* HaditsList.swift */,
			);
			path = Models;
			sourceTree = "<group>";
		};
		9C1AC2CA2844BB6A00F55A8E /* Cell */ = {
			isa = PBXGroup;
			children = (
				9C69F3CF284A25BD0010D00E /* SettingsAppCell.swift */,
				9C69F3D3284A69C80010D00E /* SwitchTableViewCell.swift */,
				9C1AC2E128450C4E00F55A8E /* UserHabitsCell.swift */,
				9C1AC2C62844B08600F55A8E /* AllHabitsCell.swift */,
			);
			path = Cell;
			sourceTree = "<group>";
		};
		9C2D03FD2847B25E00316328 /* Extensions */ = {
			isa = PBXGroup;
			children = (
				9C2D03FE2847B25F00316328 /* UIButton + Extension.swift */,
				9C69F3D8284A81630010D00E /* Checkbox .swift */,
				9C2D04082848D56100316328 /* ButtonFormView.swift */,
				9C2D04062848D51D00316328 /* StackView + Extension.swift */,
				9C1AC2E528454E7B00F55A8E /* UIImageView + Extension.swift */,
				9C1AC2CB2844BBDC00F55A8E /* UILabel + Extension.swift */,
				9C1AC2E72846161100F55A8E /* UIColor + Extension.swift */,
				9C1AC2CD2844BC0700F55A8E /* UIFont + Extension.swift */,
			);
			path = Extensions;
			sourceTree = "<group>";
		};
		9C2D04052847F53B00316328 /* Services */ = {
			isa = PBXGroup;
			children = (
			);
			path = Services;
			sourceTree = "<group>";
		};
		9C2D040C2849056B00316328 /* HabitsScreenVC */ = {
			isa = PBXGroup;
			children = (
				9C2D040D2849060800316328 /* SettingsAppViewController.swift */,
				9C1AC2DA2845052600F55A8E /* UserHabitsViewController.swift */,
				9C1AC2AD2843FFD900F55A8E /* AddHabitViewController.swift */,
				9C2D040A2848FFB400316328 /* SettingHabitViewController.swift */,
				9C1AC2CA2844BB6A00F55A8E /* Cell */,
			);
			path = HabitsScreenVC;
			sourceTree = "<group>";
		};
		9C2D040F2849068900316328 /* TasksScreenVC */ = {
			isa = PBXGroup;
			children = (
				9C1AC2DE2845061D00F55A8E /* UserTasksViewController.swift */,
				9C69F3D1284A25EB0010D00E /* Cell */,
			);
			path = TasksScreenVC;
			sourceTree = "<group>";
		};
		9C69F3D1284A25EB0010D00E /* Cell */ = {
			isa = PBXGroup;
			children = (
				9C69F3D6284A797C0010D00E /* UserTasksListCell.swift */,
			);
			path = Cell;
			sourceTree = "<group>";
		};
/* End PBXGroup section */

/* Begin PBXNativeTarget section */
		9C1AC2A52843FFD900F55A8E /* HabitApp */ = {
			isa = PBXNativeTarget;
			buildConfigurationList = 9C1AC2BD2843FFDA00F55A8E /* Build configuration list for PBXNativeTarget "HabitApp" */;
			buildPhases = (
				9C1AC2A22843FFD900F55A8E /* Sources */,
				9C1AC2A32843FFD900F55A8E /* Frameworks */,
				9C1AC2A42843FFD900F55A8E /* Resources */,
			);
			buildRules = (
			);
			dependencies = (
			);
			name = HabitApp;
			productName = HabitApp;
			productReference = 9C1AC2A62843FFD900F55A8E /* HabitApp.app */;
			productType = "com.apple.product-type.application";
		};
/* End PBXNativeTarget section */

/* Begin PBXProject section */
		9C1AC29E2843FFD900F55A8E /* Project object */ = {
			isa = PBXProject;
			attributes = {
				BuildIndependentTargetsInParallel = 1;
				LastSwiftUpdateCheck = 1330;
				LastUpgradeCheck = 1330;
				TargetAttributes = {
					9C1AC2A52843FFD900F55A8E = {
						CreatedOnToolsVersion = 13.3;
					};
				};
			};
			buildConfigurationList = 9C1AC2A12843FFD900F55A8E /* Build configuration list for PBXProject "HabitApp" */;
			compatibilityVersion = "Xcode 13.0";
			developmentRegion = en;
			hasScannedForEncodings = 0;
			knownRegions = (
				en,
				Base,
			);
			mainGroup = 9C1AC29D2843FFD900F55A8E;
			productRefGroup = 9C1AC2A72843FFD900F55A8E /* Products */;
			projectDirPath = "";
			projectRoot = "";
			targets = (
				9C1AC2A52843FFD900F55A8E /* HabitApp */,
			);
		};
/* End PBXProject section */

/* Begin PBXResourcesBuildPhase section */
		9C1AC2A42843FFD900F55A8E /* Resources */ = {
			isa = PBXResourcesBuildPhase;
			buildActionMask = 2147483647;
			files = (
				9C1AC2B92843FFDA00F55A8E /* LaunchScreen.storyboard in Resources */,
				9C1AC2B62843FFDA00F55A8E /* Assets.xcassets in Resources */,
			);
			runOnlyForDeploymentPostprocessing = 0;
		};
/* End PBXResourcesBuildPhase section */

/* Begin PBXSourcesBuildPhase section */
		9C1AC2A22843FFD900F55A8E /* Sources */ = {
			isa = PBXSourcesBuildPhase;
			buildActionMask = 2147483647;
			files = (
				9C1AC2CE2844BC0700F55A8E /* UIFont + Extension.swift in Sources */,
				9C1AC2C528440D0F00F55A8E /* HabitListModel.swift in Sources */,
				9C1AC2E228450C4E00F55A8E /* UserHabitsCell.swift in Sources */,
				9C69F3D7284A797C0010D00E /* UserTasksListCell.swift in Sources */,
				9C2D040B2848FFB400316328 /* SettingHabitViewController.swift in Sources */,
				9C1AC2AE2843FFD900F55A8E /* AddHabitViewController.swift in Sources */,
				9C1AC2CC2844BBDC00F55A8E /* UILabel + Extension.swift in Sources */,
				9C1AC2AA2843FFD900F55A8E /* AppDelegate.swift in Sources */,
				9C69F3D0284A25BD0010D00E /* SettingsAppCell.swift in Sources */,
				9C69F3D9284A81630010D00E /* Checkbox .swift in Sources */,
				9C1AC2C328440A2A00F55A8E /* ?ViewController.swift in Sources */,
				9C1AC2C72844B08600F55A8E /* AllHabitsCell.swift in Sources */,
				9C2D04072848D51D00316328 /* StackView + Extension.swift in Sources */,
				9C1AC2E82846161100F55A8E /* UIColor + Extension.swift in Sources */,
				9C2D040E2849060800316328 /* SettingsAppViewController.swift in Sources */,
				9C69F3D4284A69C80010D00E /* SwitchTableViewCell.swift in Sources */,
				9C1AC2E628454E7B00F55A8E /* UIImageView + Extension.swift in Sources */,
				9C1AC2DB2845052600F55A8E /* UserHabitsViewController.swift in Sources */,
				9C2D04092848D56100316328 /* ButtonFormView.swift in Sources */,
				9C1AC2DD284505EB00F55A8E /* TabBarController.swift in Sources */,
				9C1AC2B42843FFD900F55A8E /* HabitApp.xcdatamodeld in Sources */,
				9C1AC2AC2843FFD900F55A8E /* SceneDelegate.swift in Sources */,
				9C1AC2DF2845061D00F55A8E /* UserTasksViewController.swift in Sources */,
				9C2D04042847F50400316328 /* HaditsList.swift in Sources */,
			);
			runOnlyForDeploymentPostprocessing = 0;
		};
/* End PBXSourcesBuildPhase section */

/* Begin PBXVariantGroup section */
		9C1AC2B72843FFDA00F55A8E /* LaunchScreen.storyboard */ = {
			isa = PBXVariantGroup;
			children = (
				9C1AC2B82843FFDA00F55A8E /* Base */,
			);
			name = LaunchScreen.storyboard;
			sourceTree = "<group>";
		};
/* End PBXVariantGroup section */

/* Begin XCBuildConfiguration section */
		9C1AC2BB2843FFDA00F55A8E /* Debug */ = {
			isa = XCBuildConfiguration;
			buildSettings = {
				ALWAYS_SEARCH_USER_PATHS = NO;
				CLANG_ANALYZER_NONNULL = YES;
				CLANG_ANALYZER_NUMBER_OBJECT_CONVERSION = YES_AGGRESSIVE;
				CLANG_CXX_LANGUAGE_STANDARD = "gnu++17";
				CLANG_ENABLE_MODULES = YES;
				CLANG_ENABLE_OBJC_ARC = YES;
				CLANG_ENABLE_OBJC_WEAK = YES;
				CLANG_WARN_BLOCK_CAPTURE_AUTORELEASING = YES;
				CLANG_WARN_BOOL_CONVERSION = YES;
				CLANG_WARN_COMMA = YES;
				CLANG_WARN_CONSTANT_CONVERSION = YES;
				CLANG_WARN_DEPRECATED_OBJC_IMPLEMENTATIONS = YES;
				CLANG_WARN_DIRECT_OBJC_ISA_USAGE = YES_ERROR;
				CLANG_WARN_DOCUMENTATION_COMMENTS = YES;
				CLANG_WARN_EMPTY_BODY = YES;
				CLANG_WARN_ENUM_CONVERSION = YES;
				CLANG_WARN_INFINITE_RECURSION = YES;
				CLANG_WARN_INT_CONVERSION = YES;
				CLANG_WARN_NON_LITERAL_NULL_CONVERSION = YES;
				CLANG_WARN_OBJC_IMPLICIT_RETAIN_SELF = YES;
				CLANG_WARN_OBJC_LITERAL_CONVERSION = YES;
				CLANG_WARN_OBJC_ROOT_CLASS = YES_ERROR;
				CLANG_WARN_QUOTED_INCLUDE_IN_FRAMEWORK_HEADER = YES;
				CLANG_WARN_RANGE_LOOP_ANALYSIS = YES;
				CLANG_WARN_STRICT_PROTOTYPES = YES;
				CLANG_WARN_SUSPICIOUS_MOVE = YES;
				CLANG_WARN_UNGUARDED_AVAILABILITY = YES_AGGRESSIVE;
				CLANG_WARN_UNREACHABLE_CODE = YES;
				CLANG_WARN__DUPLICATE_METHOD_MATCH = YES;
				COPY_PHASE_STRIP = NO;
				DEBUG_INFORMATION_FORMAT = dwarf;
				ENABLE_STRICT_OBJC_MSGSEND = YES;
				ENABLE_TESTABILITY = YES;
				GCC_C_LANGUAGE_STANDARD = gnu11;
				GCC_DYNAMIC_NO_PIC = NO;
				GCC_NO_COMMON_BLOCKS = YES;
				GCC_OPTIMIZATION_LEVEL = 0;
				GCC_PREPROCESSOR_DEFINITIONS = (
					"DEBUG=1",
					"$(inherited)",
				);
				GCC_WARN_64_TO_32_BIT_CONVERSION = YES;
				GCC_WARN_ABOUT_RETURN_TYPE = YES_ERROR;
				GCC_WARN_UNDECLARED_SELECTOR = YES;
				GCC_WARN_UNINITIALIZED_AUTOS = YES_AGGRESSIVE;
				GCC_WARN_UNUSED_FUNCTION = YES;
				GCC_WARN_UNUSED_VARIABLE = YES;
				IPHONEOS_DEPLOYMENT_TARGET = 15.4;
				MTL_ENABLE_DEBUG_INFO = INCLUDE_SOURCE;
				MTL_FAST_MATH = YES;
				ONLY_ACTIVE_ARCH = YES;
				SDKROOT = iphoneos;
				SWIFT_ACTIVE_COMPILATION_CONDITIONS = DEBUG;
				SWIFT_OPTIMIZATION_LEVEL = "-Onone";
			};
			name = Debug;
		};
		9C1AC2BC2843FFDA00F55A8E /* Release */ = {
			isa = XCBuildConfiguration;
			buildSettings = {
				ALWAYS_SEARCH_USER_PATHS = NO;
				CLANG_ANALYZER_NONNULL = YES;
				CLANG_ANALYZER_NUMBER_OBJECT_CONVERSION = YES_AGGRESSIVE;
				CLANG_CXX_LANGUAGE_STANDARD = "gnu++17";
				CLANG_ENABLE_MODULES = YES;
				CLANG_ENABLE_OBJC_ARC = YES;
				CLANG_ENABLE_OBJC_WEAK = YES;
				CLANG_WARN_BLOCK_CAPTURE_AUTORELEASING = YES;
				CLANG_WARN_BOOL_CONVERSION = YES;
				CLANG_WARN_COMMA = YES;
				CLANG_WARN_CONSTANT_CONVERSION = YES;
				CLANG_WARN_DEPRECATED_OBJC_IMPLEMENTATIONS = YES;
				CLANG_WARN_DIRECT_OBJC_ISA_USAGE = YES_ERROR;
				CLANG_WARN_DOCUMENTATION_COMMENTS = YES;
				CLANG_WARN_EMPTY_BODY = YES;
				CLANG_WARN_ENUM_CONVERSION = YES;
				CLANG_WARN_INFINITE_RECURSION = YES;
				CLANG_WARN_INT_CONVERSION = YES;
				CLANG_WARN_NON_LITERAL_NULL_CONVERSION = YES;
				CLANG_WARN_OBJC_IMPLICIT_RETAIN_SELF = YES;
				CLANG_WARN_OBJC_LITERAL_CONVERSION = YES;
				CLANG_WARN_OBJC_ROOT_CLASS = YES_ERROR;
				CLANG_WARN_QUOTED_INCLUDE_IN_FRAMEWORK_HEADER = YES;
				CLANG_WARN_RANGE_LOOP_ANALYSIS = YES;
				CLANG_WARN_STRICT_PROTOTYPES = YES;
				CLANG_WARN_SUSPICIOUS_MOVE = YES;
				CLANG_WARN_UNGUARDED_AVAILABILITY = YES_AGGRESSIVE;
				CLANG_WARN_UNREACHABLE_CODE = YES;
				CLANG_WARN__DUPLICATE_METHOD_MATCH = YES;
				COPY_PHASE_STRIP = NO;
				DEBUG_INFORMATION_FORMAT = "dwarf-with-dsym";
				ENABLE_NS_ASSERTIONS = NO;
				ENABLE_STRICT_OBJC_MSGSEND = YES;
				GCC_C_LANGUAGE_STANDARD = gnu11;
				GCC_NO_COMMON_BLOCKS = YES;
				GCC_WARN_64_TO_32_BIT_CONVERSION = YES;
				GCC_WARN_ABOUT_RETURN_TYPE = YES_ERROR;
				GCC_WARN_UNDECLARED_SELECTOR = YES;
				GCC_WARN_UNINITIALIZED_AUTOS = YES_AGGRESSIVE;
				GCC_WARN_UNUSED_FUNCTION = YES;
				GCC_WARN_UNUSED_VARIABLE = YES;
				IPHONEOS_DEPLOYMENT_TARGET = 15.4;
				MTL_ENABLE_DEBUG_INFO = NO;
				MTL_FAST_MATH = YES;
				SDKROOT = iphoneos;
				SWIFT_COMPILATION_MODE = wholemodule;
				SWIFT_OPTIMIZATION_LEVEL = "-O";
				VALIDATE_PRODUCT = YES;
			};
			name = Release;
		};
		9C1AC2BE2843FFDA00F55A8E /* Debug */ = {
			isa = XCBuildConfiguration;
			buildSettings = {
				ASSETCATALOG_COMPILER_APPICON_NAME = AppIcon;
				ASSETCATALOG_COMPILER_GLOBAL_ACCENT_COLOR_NAME = AccentColor;
				CODE_SIGN_STYLE = Automatic;
				CURRENT_PROJECT_VERSION = 1;
				DEVELOPMENT_TEAM = Q5RV2AMVQ8;
				GENERATE_INFOPLIST_FILE = YES;
				INFOPLIST_FILE = HabitApp/Info.plist;
				INFOPLIST_KEY_UIApplicationSupportsIndirectInputEvents = YES;
				INFOPLIST_KEY_UILaunchStoryboardName = LaunchScreen;
				INFOPLIST_KEY_UISupportedInterfaceOrientations_iPad = "UIInterfaceOrientationPortrait UIInterfaceOrientationPortraitUpsideDown UIInterfaceOrientationLandscapeLeft UIInterfaceOrientationLandscapeRight";
				INFOPLIST_KEY_UISupportedInterfaceOrientations_iPhone = "UIInterfaceOrientationPortrait UIInterfaceOrientationLandscapeLeft UIInterfaceOrientationLandscapeRight";
				IPHONEOS_DEPLOYMENT_TARGET = 15.4;
				LD_RUNPATH_SEARCH_PATHS = (
					"$(inherited)",
					"@executable_path/Frameworks",
				);
				MARKETING_VERSION = 1.0;
				PRODUCT_BUNDLE_IDENTIFIER = Bogdan.HabitApp;
				PRODUCT_NAME = "$(TARGET_NAME)";
				SWIFT_EMIT_LOC_STRINGS = YES;
				SWIFT_VERSION = 5.0;
				TARGETED_DEVICE_FAMILY = 1;
			};
			name = Debug;
		};
		9C1AC2BF2843FFDA00F55A8E /* Release */ = {
			isa = XCBuildConfiguration;
			buildSettings = {
				ASSETCATALOG_COMPILER_APPICON_NAME = AppIcon;
				ASSETCATALOG_COMPILER_GLOBAL_ACCENT_COLOR_NAME = AccentColor;
				CODE_SIGN_STYLE = Automatic;
				CURRENT_PROJECT_VERSION = 1;
				DEVELOPMENT_TEAM = Q5RV2AMVQ8;
				GENERATE_INFOPLIST_FILE = YES;
				INFOPLIST_FILE = HabitApp/Info.plist;
				INFOPLIST_KEY_UIApplicationSupportsIndirectInputEvents = YES;
				INFOPLIST_KEY_UILaunchStoryboardName = LaunchScreen;
				INFOPLIST_KEY_UISupportedInterfaceOrientations_iPad = "UIInterfaceOrientationPortrait UIInterfaceOrientationPortraitUpsideDown UIInterfaceOrientationLandscapeLeft UIInterfaceOrientationLandscapeRight";
				INFOPLIST_KEY_UISupportedInterfaceOrientations_iPhone = "UIInterfaceOrientationPortrait UIInterfaceOrientationLandscapeLeft UIInterfaceOrientationLandscapeRight";
				IPHONEOS_DEPLOYMENT_TARGET = 15.4;
				LD_RUNPATH_SEARCH_PATHS = (
					"$(inherited)",
					"@executable_path/Frameworks",
				);
				MARKETING_VERSION = 1.0;
				PRODUCT_BUNDLE_IDENTIFIER = Bogdan.HabitApp;
				PRODUCT_NAME = "$(TARGET_NAME)";
				SWIFT_EMIT_LOC_STRINGS = YES;
				SWIFT_VERSION = 5.0;
				TARGETED_DEVICE_FAMILY = 1;
			};
			name = Release;
		};
/* End XCBuildConfiguration section */

/* Begin XCConfigurationList section */
		9C1AC2A12843FFD900F55A8E /* Build configuration list for PBXProject "HabitApp" */ = {
			isa = XCConfigurationList;
			buildConfigurations = (
				9C1AC2BB2843FFDA00F55A8E /* Debug */,
				9C1AC2BC2843FFDA00F55A8E /* Release */,
			);
			defaultConfigurationIsVisible = 0;
			defaultConfigurationName = Release;
		};
		9C1AC2BD2843FFDA00F55A8E /* Build configuration list for PBXNativeTarget "HabitApp" */ = {
			isa = XCConfigurationList;
			buildConfigurations = (
				9C1AC2BE2843FFDA00F55A8E /* Debug */,
				9C1AC2BF2843FFDA00F55A8E /* Release */,
			);
			defaultConfigurationIsVisible = 0;
			defaultConfigurationName = Release;
		};
/* End XCConfigurationList section */

/* Begin XCVersionGroup section */
		9C1AC2B22843FFD900F55A8E /* HabitApp.xcdatamodeld */ = {
			isa = XCVersionGroup;
			children = (
				9C1AC2B32843FFD900F55A8E /* HabitApp.xcdatamodel */,
			);
			currentVersion = 9C1AC2B32843FFD900F55A8E /* HabitApp.xcdatamodel */;
			path = HabitApp.xcdatamodeld;
			sourceTree = "<group>";
			versionGroupType = wrapper.xcdatamodel;
		};
/* End XCVersionGroup section */
	};
	rootObject = 9C1AC29E2843FFD900F55A8E /* Project object */;
}
